<Solution>
  <Folder Name="/src/">
    <Project Path="src/ScreenGuide.AI.Core/ScreenGuide.AI.Core.csproj" />
    <Project Path="src/ScreenGuide.AI.DeepSeek/ScreenGuide.AI.DeepSeek.csproj" />
    <Project Path="src/ScreenGuide.Agent.Abstractions/ScreenGuide.Agent.Abstractions.csproj" />
    <Project Path="src/ScreenGuide.Agent.Codex/ScreenGuide.Agent.Codex.csproj" />
    <Project Path="src/ScreenGuide.Core/ScreenGuide.Core.csproj" />
    <Project Path="src/ScreenGuide.DesktopClient/ScreenGuide.DesktopClient.csproj" />
    <Project Path="src/ScreenGuide.DesktopHost/ScreenGuide.DesktopHost.csproj" />
    <Project Path="src/ScreenGuide.DesktopProtocol/ScreenGuide.DesktopProtocol.csproj" />
    <Project Path="src/ScreenGuide.Evidence/ScreenGuide.Evidence.csproj" />
    <Project Path="src/ScreenGuide.Persistence/ScreenGuide.Persistence.csproj" />
    <Project Path="src/ScreenGuide.Skills.Abstractions/ScreenGuide.Skills.Abstractions.csproj" />
  <Project Path="src/ScreenGuide.Skills.Windows/ScreenGuide.Skills.Windows.csproj" />
    <Project Path="src/ScreenGuide.Voice.Windows/ScreenGuide.Voice.Windows.csproj" />
    <Project Path="src/ScreenGuide.Vision.Abstractions/ScreenGuide.Vision.Abstractions.csproj" />
    <Project Path="src/ScreenGuide.Vision.Windows/ScreenGuide.Vision.Windows.csproj" />
  </Folder>
  <Folder Name="/tests/">
    <Project Path="tests/ScreenGuide.AI.Core.Tests/ScreenGuide.AI.Core.Tests.csproj" />
    <Project Path="tests/ScreenGuide.AI.DeepSeek.Tests/ScreenGuide.AI.DeepSeek.Tests.csproj" />
    <Project Path="tests/ScreenGuide.Agent.Codex.Tests/ScreenGuide.Agent.Codex.Tests.csproj" />
    <Project Path="tests/ScreenGuide.Core.Tests/ScreenGuide.Core.Tests.csproj" />
    <Project Path="tests/ScreenGuide.DesktopClient.Tests/ScreenGuide.DesktopClient.Tests.csproj" />
    <Project Path="tests/ScreenGuide.DesktopClient.VoiceHarness/ScreenGuide.DesktopClient.VoiceHarness.csproj" />
    <Project Path="tests/ScreenGuide.DesktopHost.Tests/ScreenGuide.DesktopHost.Tests.csproj" />
  <Project Path="tests/ScreenGuide.DesktopProduct.Tests/ScreenGuide.DesktopProduct.Tests.csproj" />
  <Project Path="tests/ScreenGuide.Skills.Windows.Tests/ScreenGuide.Skills.Windows.Tests.csproj" />
    <Project Path="tests/ScreenGuide.Voice.Windows.Tests/ScreenGuide.Voice.Windows.Tests.csproj" />
    <Project Path="tests/ScreenGuide.Vision.Windows.Tests/ScreenGuide.Vision.Windows.Tests.csproj" />
    <Project Path="tests/ScreenGuide.FakeCodexCli/ScreenGuide.FakeCodexCli.csproj" />
    <Project Path="tests/ScreenGuide.FakeBrowser/ScreenGuide.FakeBrowser.csproj" />
    <Project Path="tests/ScreenGuide.Tasking.Tests/ScreenGuide.Tasking.Tests.csproj" />
  </Folder>
  <Folder Name="/tools/">
    <Project Path="tools/ScreenGuide.CodexConnector.IntegrationRunner/ScreenGuide.CodexConnector.IntegrationRunner.csproj" />
    <Project Path="tools/ScreenGuide.DesktopV01.RealAcceptanceRunner/ScreenGuide.DesktopV01.RealAcceptanceRunner.csproj" />
    <Project Path="tools/ScreenGuide.Stage1DatabaseCompatibilityRunner/ScreenGuide.Stage1DatabaseCompatibilityRunner.csproj" />
    <Project Path="tools/ScreenGuide.TaskEvidence.IntegrationRunner/ScreenGuide.TaskEvidence.IntegrationRunner.csproj" />
  </Folder>
</Solution>
