{
  "version": 1,
  "dependencies": {
    "net10.0-windows10.0.19041": {
      "screenguide.agent.abstractions": {
        "type": "Project"
      },
      "screenguide.core": {
        "type": "Project",
        "dependencies": {
          "ScreenGuide.Skills.Abstractions": "[0.2.1, )"
        }
      },
      "screenguide.skills.abstractions": {
        "type": "Project"
      }
    }
  }
}